dependencies:
- name: kuberay-operator
  repository: https://ray-project.github.io/kuberay-helm/
  version: 1.4.0
- name: postgresql
  repository: https://charts.bitnami.com/bitnami
  version: 18.1.13
- name: milvus
  repository: https://zilliztech.github.io/milvus-helm/
  version: 5.0.0
- name: vllm-stack
  repository: https://vllm-project.github.io/production-stack
  version: 0.1.8
digest: sha256:838fb1143c5471aaf919c128ece414799898727d083103ac2b669083f50b82c2
generated: "2025-12-02T11:53:42.972907563Z"
